
Microsoft Visual Studio Solution File, Format Version 12.00
# Visual Studio Version 16
VisualStudioVersion = 16.0.29519.87
MinimumVisualStudioVersion = 10.0.40219.1
Project("{FAE04EC0-301F-11D3-BF4B-00C04F79EFBC}") = "FlightAttendant", "FlightAttendant\FlightAttendant.csproj", "{469B89ED-DE37-409E-8976-B104404AA6FD}"
EndProject
Global
	GlobalSection(SolutionConfigurationPlatforms) = preSolution
		Debug|Any CPU = Debug|Any CPU
		Release|Any CPU = Release|Any CPU
	EndGlobalSection
	GlobalSection(ProjectConfigurationPlatforms) = postSolution
		{469B89ED-DE37-409E-8976-B104404AA6FD}.Debug|Any CPU.ActiveCfg = Debug|Any CPU
		{469B89ED-DE37-409E-8976-B104404AA6FD}.Debug|Any CPU.Build.0 = Debug|Any CPU
		{469B89ED-DE37-409E-8976-B104404AA6FD}.Release|Any CPU.ActiveCfg = Release|Any CPU
		{469B89ED-DE37-409E-8976-B104404AA6FD}.Release|Any CPU.Build.0 = Release|Any CPU
	EndGlobalSection
	GlobalSection(SolutionProperties) = preSolution
		HideSolutionNode = FALSE
	EndGlobalSection
	GlobalSection(ExtensibilityGlobals) = postSolution
		SolutionGuid = {D9230A41-E829-4999-B00A-4F8F8DC8A57F}
	EndGlobalSection
EndGlobal
